
Microsoft Visual Studio Solution File, Format Version 12.00
# Visual Studio Version 16
VisualStudioVersion = 16.0.30907.101
MinimumVisualStudioVersion = 10.0.40219.1
Project("{FAE04EC0-301F-11D3-BF4B-00C04F79EFBC}") = "JWTDemo", "JWTDemo\JWTDemo.csproj", "{B3DCFC82-8057-408B-8887-DE9C3B054C0B}"
EndProject
Global
	GlobalSection(SolutionConfigurationPlatforms) = preSolution
		Debug|Any CPU = Debug|Any CPU
		Release|Any CPU = Release|Any CPU
	EndGlobalSection
	GlobalSection(ProjectConfigurationPlatforms) = postSolution
		{B3DCFC82-8057-408B-8887-DE9C3B054C0B}.Debug|Any CPU.ActiveCfg = Debug|Any CPU
		{B3DCFC82-8057-408B-8887-DE9C3B054C0B}.Debug|Any CPU.Build.0 = Debug|Any CPU
		{B3DCFC82-8057-408B-8887-DE9C3B054C0B}.Release|Any CPU.ActiveCfg = Release|Any CPU
		{B3DCFC82-8057-408B-8887-DE9C3B054C0B}.Release|Any CPU.Build.0 = Release|Any CPU
	EndGlobalSection
	GlobalSection(SolutionProperties) = preSolution
		HideSolutionNode = FALSE
	EndGlobalSection
	GlobalSection(ExtensibilityGlobals) = postSolution
		SolutionGuid = {BB814DAA-F1C9-4055-B14C-14C019B89E5D}
	EndGlobalSection
EndGlobal
